
Microsoft Visual Studio Solution File, Format Version 12.00
Project("{FAE04EC0-301F-11D3-BF4B-00C04F79EFBC}") = "Cymax.Grabber.Service", "Cymax.Grabber.Service\Cymax.Grabber.Service.csproj", "{AFBAB322-316F-49D8-87E6-E0A0B1D9100A}"
EndProject
Project("{FAE04EC0-301F-11D3-BF4B-00C04F79EFBC}") = "Cymax.Grabber.Entities", "Cymax.Grabber.Entities\Cymax.Grabber.Entities.csproj", "{D81E0B85-D6ED-4CF1-9CFD-B72923E10A37}"
EndProject
Project("{FAE04EC0-301F-11D3-BF4B-00C04F79EFBC}") = "Cymax.Grabber.Logic", "Cymax.Grabber.Logic\Cymax.Grabber.Logic.csproj", "{86F0D2B3-223E-4FEB-BF2D-F85A2A5AAC48}"
EndProject
Project("{FAE04EC0-301F-11D3-BF4B-00C04F79EFBC}") = "Cymax.Grabber.Tests", "Cymax.Grabber.Tests\Cymax.Grabber.Tests.csproj", "{9D1F900A-F9E7-4204-A03E-39D008B5FDB9}"
EndProject
Global
	GlobalSection(SolutionConfigurationPlatforms) = preSolution
		Debug|Any CPU = Debug|Any CPU
		Release|Any CPU = Release|Any CPU
	EndGlobalSection
	GlobalSection(ProjectConfigurationPlatforms) = postSolution
		{AFBAB322-316F-49D8-87E6-E0A0B1D9100A}.Debug|Any CPU.ActiveCfg = Debug|Any CPU
		{AFBAB322-316F-49D8-87E6-E0A0B1D9100A}.Debug|Any CPU.Build.0 = Debug|Any CPU
		{AFBAB322-316F-49D8-87E6-E0A0B1D9100A}.Release|Any CPU.ActiveCfg = Release|Any CPU
		{AFBAB322-316F-49D8-87E6-E0A0B1D9100A}.Release|Any CPU.Build.0 = Release|Any CPU
		{D81E0B85-D6ED-4CF1-9CFD-B72923E10A37}.Debug|Any CPU.ActiveCfg = Debug|Any CPU
		{D81E0B85-D6ED-4CF1-9CFD-B72923E10A37}.Debug|Any CPU.Build.0 = Debug|Any CPU
		{D81E0B85-D6ED-4CF1-9CFD-B72923E10A37}.Release|Any CPU.ActiveCfg = Release|Any CPU
		{D81E0B85-D6ED-4CF1-9CFD-B72923E10A37}.Release|Any CPU.Build.0 = Release|Any CPU
		{86F0D2B3-223E-4FEB-BF2D-F85A2A5AAC48}.Debug|Any CPU.ActiveCfg = Debug|Any CPU
		{86F0D2B3-223E-4FEB-BF2D-F85A2A5AAC48}.Debug|Any CPU.Build.0 = Debug|Any CPU
		{86F0D2B3-223E-4FEB-BF2D-F85A2A5AAC48}.Release|Any CPU.ActiveCfg = Release|Any CPU
		{86F0D2B3-223E-4FEB-BF2D-F85A2A5AAC48}.Release|Any CPU.Build.0 = Release|Any CPU
		{9D1F900A-F9E7-4204-A03E-39D008B5FDB9}.Debug|Any CPU.ActiveCfg = Debug|Any CPU
		{9D1F900A-F9E7-4204-A03E-39D008B5FDB9}.Debug|Any CPU.Build.0 = Debug|Any CPU
		{9D1F900A-F9E7-4204-A03E-39D008B5FDB9}.Release|Any CPU.ActiveCfg = Release|Any CPU
		{9D1F900A-F9E7-4204-A03E-39D008B5FDB9}.Release|Any CPU.Build.0 = Release|Any CPU
	EndGlobalSection
EndGlobal
